
Microsoft Visual Studio Solution File, Format Version 12.00
# Visual Studio Version 17
VisualStudioVersion = 17.14.36301.6 d17.14
MinimumVisualStudioVersion = 10.0.40219.1
Project("{FAE04EC0-301F-11D3-BF4B-00C04F79EFBC}") = "Tinkwell.Firmwareless.Cloud", "Tinkwell.Firmwareless.Cloud\Tinkwell.Firmwareless.Cloud.csproj", "{24706441-92C7-4F49-A502-322B842D99CF}"
EndProject
Global
	GlobalSection(SolutionConfigurationPlatforms) = preSolution
		Debug|Any CPU = Debug|Any CPU
		Release|Any CPU = Release|Any CPU
	EndGlobalSection
	GlobalSection(ProjectConfigurationPlatforms) = postSolution
		{24706441-92C7-4F49-A502-322B842D99CF}.Debug|Any CPU.ActiveCfg = Debug|Any CPU
		{24706441-92C7-4F49-A502-322B842D99CF}.Debug|Any CPU.Build.0 = Debug|Any CPU
		{24706441-92C7-4F49-A502-322B842D99CF}.Release|Any CPU.ActiveCfg = Release|Any CPU
		{24706441-92C7-4F49-A502-322B842D99CF}.Release|Any CPU.Build.0 = Release|Any CPU
	EndGlobalSection
	GlobalSection(SolutionProperties) = preSolution
		HideSolutionNode = FALSE
	EndGlobalSection
	GlobalSection(ExtensibilityGlobals) = postSolution
		SolutionGuid = {100E1460-E616-465C-B736-07385D0B01D7}
	EndGlobalSection
EndGlobal
