
Microsoft Visual Studio Solution File, Format Version 12.00
# Visual Studio Version 17
VisualStudioVersion = 17.14.36301.6
MinimumVisualStudioVersion = 10.0.40219.1
Project("{FAE04EC0-301F-11D3-BF4B-00C04F79EFBC}") = "Tinkwell.Firmwareless.WasmHost", "Tinkwell.Firmwareless.WasmHost\Tinkwell.Firmwareless.WasmHost.csproj", "{1827909C-29AD-489F-83E1-8353EB2113AD}"
	ProjectSection(ProjectDependencies) = postProject
		{C2152FC2-025B-469E-80BF-8D4CCB2A50E5} = {C2152FC2-025B-469E-80BF-8D4CCB2A50E5}
	EndProjectSection
EndProject
Project("{FAE04EC0-301F-11D3-BF4B-00C04F79EFBC}") = "Tinkwell.Firmwareless", "Tinkwell.Firmwareless\Tinkwell.Firmwareless.csproj", "{FF3E2A65-F601-4D8F-B593-B4EE2D8B0648}"
EndProject
Project("{FAE04EC0-301F-11D3-BF4B-00C04F79EFBC}") = "Tinkwell.Firmwareless.WamrAotHost", "Tinkwell.Firmwareless.WamrAotHost\Tinkwell.Firmwareless.WamrAotHost.csproj", "{C2152FC2-025B-469E-80BF-8D4CCB2A50E5}"
EndProject
Project("{FAE04EC0-301F-11D3-BF4B-00C04F79EFBC}") = "Tinkwell.Firmwareless.Tools.MqttBroker", "Tinkwell.Firmwareless.Tools.MqttBroker\Tinkwell.Firmwareless.Tools.MqttBroker.csproj", "{B2CDD8EB-1C19-45EE-8298-57644617F47A}"
EndProject
Project("{FAE04EC0-301F-11D3-BF4B-00C04F79EFBC}") = "Tinkwell.Firmwareless.Vfs", "Tinkwell.Firmwareless.Vfs\Tinkwell.Firmwareless.Vfs.csproj", "{E279FD2C-F271-4994-8B26-C7914C5B58A9}"
EndProject
Global
	GlobalSection(SolutionConfigurationPlatforms) = preSolution
		Debug|Any CPU = Debug|Any CPU
		Release|Any CPU = Release|Any CPU
	EndGlobalSection
	GlobalSection(ProjectConfigurationPlatforms) = postSolution
		{1827909C-29AD-489F-83E1-8353EB2113AD}.Debug|Any CPU.ActiveCfg = Debug|Any CPU
		{1827909C-29AD-489F-83E1-8353EB2113AD}.Debug|Any CPU.Build.0 = Debug|Any CPU
		{1827909C-29AD-489F-83E1-8353EB2113AD}.Release|Any CPU.ActiveCfg = Release|Any CPU
		{1827909C-29AD-489F-83E1-8353EB2113AD}.Release|Any CPU.Build.0 = Release|Any CPU
		{FF3E2A65-F601-4D8F-B593-B4EE2D8B0648}.Debug|Any CPU.ActiveCfg = Debug|Any CPU
		{FF3E2A65-F601-4D8F-B593-B4EE2D8B0648}.Debug|Any CPU.Build.0 = Debug|Any CPU
		{FF3E2A65-F601-4D8F-B593-B4EE2D8B0648}.Release|Any CPU.ActiveCfg = Release|Any CPU
		{FF3E2A65-F601-4D8F-B593-B4EE2D8B0648}.Release|Any CPU.Build.0 = Release|Any CPU
		{C2152FC2-025B-469E-80BF-8D4CCB2A50E5}.Debug|Any CPU.ActiveCfg = Debug|Any CPU
		{C2152FC2-025B-469E-80BF-8D4CCB2A50E5}.Debug|Any CPU.Build.0 = Debug|Any CPU
		{C2152FC2-025B-469E-80BF-8D4CCB2A50E5}.Release|Any CPU.ActiveCfg = Release|Any CPU
		{C2152FC2-025B-469E-80BF-8D4CCB2A50E5}.Release|Any CPU.Build.0 = Release|Any CPU
		{B2CDD8EB-1C19-45EE-8298-57644617F47A}.Debug|Any CPU.ActiveCfg = Debug|Any CPU
		{B2CDD8EB-1C19-45EE-8298-57644617F47A}.Debug|Any CPU.Build.0 = Debug|Any CPU
		{B2CDD8EB-1C19-45EE-8298-57644617F47A}.Release|Any CPU.ActiveCfg = Release|Any CPU
		{B2CDD8EB-1C19-45EE-8298-57644617F47A}.Release|Any CPU.Build.0 = Release|Any CPU
		{E279FD2C-F271-4994-8B26-C7914C5B58A9}.Debug|Any CPU.ActiveCfg = Debug|Any CPU
		{E279FD2C-F271-4994-8B26-C7914C5B58A9}.Debug|Any CPU.Build.0 = Debug|Any CPU
		{E279FD2C-F271-4994-8B26-C7914C5B58A9}.Release|Any CPU.ActiveCfg = Release|Any CPU
		{E279FD2C-F271-4994-8B26-C7914C5B58A9}.Release|Any CPU.Build.0 = Release|Any CPU
	EndGlobalSection
	GlobalSection(SolutionProperties) = preSolution
		HideSolutionNode = FALSE
	EndGlobalSection
	GlobalSection(ExtensibilityGlobals) = postSolution
		SolutionGuid = {80E5F743-0E8B-4020-A55E-248DC1D7113B}
	EndGlobalSection
EndGlobal
