
Microsoft Visual Studio Solution File, Format Version 12.00
# Visual Studio Version 17
VisualStudioVersion = 17.14.36301.6 d17.14
MinimumVisualStudioVersion = 10.0.40219.1
Project("{FAE04EC0-301F-11D3-BF4B-00C04F79EFBC}") = "Test", "Test\Test.csproj", "{8AA7BE83-5999-48EA-910B-F9F24BCB1C5C}"
EndProject
Global
	GlobalSection(SolutionConfigurationPlatforms) = preSolution
		Debug|Any CPU = Debug|Any CPU
		Release|Any CPU = Release|Any CPU
	EndGlobalSection
	GlobalSection(ProjectConfigurationPlatforms) = postSolution
		{8AA7BE83-5999-48EA-910B-F9F24BCB1C5C}.Debug|Any CPU.ActiveCfg = Debug|Any CPU
		{8AA7BE83-5999-48EA-910B-F9F24BCB1C5C}.Debug|Any CPU.Build.0 = Debug|Any CPU
		{8AA7BE83-5999-48EA-910B-F9F24BCB1C5C}.Release|Any CPU.ActiveCfg = Release|Any CPU
		{8AA7BE83-5999-48EA-910B-F9F24BCB1C5C}.Release|Any CPU.Build.0 = Release|Any CPU
	EndGlobalSection
	GlobalSection(SolutionProperties) = preSolution
		HideSolutionNode = FALSE
	EndGlobalSection
	GlobalSection(ExtensibilityGlobals) = postSolution
		SolutionGuid = {78B478FE-E920-45D2-BA2B-B9EC245F33AD}
	EndGlobalSection
EndGlobal
